
Microsoft Visual Studio Solution File, Format Version 12.00
# Visual Studio Version 17
VisualStudioVersion = 17.3.32929.385
MinimumVisualStudioVersion = 10.0.40219.1
Project("{FAE04EC0-301F-11D3-BF4B-00C04F79EFBC}") = "Day1", "Day1\Day1.csproj", "{4558EA72-0ED7-4449-ACD2-76C26A3E45B3}"
EndProject
Global
	GlobalSection(SolutionConfigurationPlatforms) = preSolution
		Debug|Any CPU = Debug|Any CPU
		Release|Any CPU = Release|Any CPU
	EndGlobalSection
	GlobalSection(ProjectConfigurationPlatforms) = postSolution
		{4558EA72-0ED7-4449-ACD2-76C26A3E45B3}.Debug|Any CPU.ActiveCfg = Debug|Any CPU
		{4558EA72-0ED7-4449-ACD2-76C26A3E45B3}.Debug|Any CPU.Build.0 = Debug|Any CPU
		{4558EA72-0ED7-4449-ACD2-76C26A3E45B3}.Release|Any CPU.ActiveCfg = Release|Any CPU
		{4558EA72-0ED7-4449-ACD2-76C26A3E45B3}.Release|Any CPU.Build.0 = Release|Any CPU
	EndGlobalSection
	GlobalSection(SolutionProperties) = preSolution
		HideSolutionNode = FALSE
	EndGlobalSection
	GlobalSection(ExtensibilityGlobals) = postSolution
		SolutionGuid = {8EAE4B3E-1889-47E4-8E50-EFCDBDEAC6BB}
	EndGlobalSection
EndGlobal
